
Microsoft Visual Studio Solution File, Format Version 12.00
# Visual Studio Version 17
VisualStudioVersion = 17.14.36915.13 d17.14
MinimumVisualStudioVersion = 10.0.40219.1
Project("{FAE04EC0-301F-11D3-BF4B-00C04F79EFBC}") = "CheckSec.NetFx", "CheckSec.NetFx.csproj", "{1C36804A-79E6-4D55-A3BE-A4B5C8D06759}"
EndProject
Global
	GlobalSection(SolutionConfigurationPlatforms) = preSolution
		Debug|Any CPU = Debug|Any CPU
		Release|Any CPU = Release|Any CPU
	EndGlobalSection
	GlobalSection(ProjectConfigurationPlatforms) = postSolution
		{1C36804A-79E6-4D55-A3BE-A4B5C8D06759}.Debug|Any CPU.ActiveCfg = Debug|Any CPU
		{1C36804A-79E6-4D55-A3BE-A4B5C8D06759}.Debug|Any CPU.Build.0 = Debug|Any CPU
		{1C36804A-79E6-4D55-A3BE-A4B5C8D06759}.Release|Any CPU.ActiveCfg = Release|Any CPU
		{1C36804A-79E6-4D55-A3BE-A4B5C8D06759}.Release|Any CPU.Build.0 = Release|Any CPU
	EndGlobalSection
	GlobalSection(SolutionProperties) = preSolution
		HideSolutionNode = FALSE
	EndGlobalSection
	GlobalSection(ExtensibilityGlobals) = postSolution
		SolutionGuid = {24AAF8D2-6352-4BE2-9C17-8C8DB21F65FA}
	EndGlobalSection
EndGlobal
